{
  "name": "modern-colorthief-core-wasm",
  "lockfileVersion": 3,
  "requires": true,
  "packages": {
    "": {
      "name": "modern-colorthief-core-wasm",
      "devDependencies": {
        "@webgpu/types": "^0.1.70",
        "typescript": "^5.8.0"
      }
    },
    "node_modules/@webgpu/types": {
      "version": "0.1.70",
      "resolved": "https://registry.npmjs.org/@webgpu/types/-/types-0.1.70.tgz",
      "integrity": "sha512-LFiNHHKMvmAEvwVew3JLJmTdShhbdwRFSImUshGhE2mGE8ybQzIo63l5uRp+YKnNx+8Qno8Kf6gN+DKMreIJCA==",
      "dev": true,
      "license": "BSD-3-Clause"
    },
    "node_modules/typescript": {
      "version": "5.9.3",
      "resolved": "https://registry.npmjs.org/typescript/-/typescript-5.9.3.tgz",
      "integrity": "sha512-jl1vZzPDinLr9eUt3J/t7V6FgNEw9QjvBPdysz9KfQDD41fQrC2Y4vKQdiaUpFT4bXlb1RHhLpp8wtm6M5TgSw==",
      "dev": true,
      "license": "Apache-2.0",
      "bin": {
        "tsc": "bin/tsc",
        "tsserver": "bin/tsserver"
      },
      "engines": {
        "node": ">=14.17"
      }
    }
  }
}
